
Microsoft Visual Studio Solution File, Format Version 12.00
# Visual Studio 15
VisualStudioVersion = 15.0.28307.852
MinimumVisualStudioVersion = 10.0.40219.1
Project("{FAE04EC0-301F-11D3-BF4B-00C04F79EFBC}") = "FinanceManagement.Android", "FinanceManagement\FinanceManagement.Android\FinanceManagement.Android.csproj", "{B6E0FE66-0327-4919-B1C5-6B7426993E09}"
EndProject
Project("{FAE04EC0-301F-11D3-BF4B-00C04F79EFBC}") = "FinanceManagement.UWP", "FinanceManagement\FinanceManagement.UWP\FinanceManagement.UWP.csproj", "{C0DFA29B-EF14-40E5-A5E3-E0F64D94314B}"
EndProject
Project("{9A19103F-16F7-4668-BE54-9A1E7A4F7556}") = "FinanceManagement", "FinanceManagement\FinanceManagement\FinanceManagement.csproj", "{F84B23F3-D004-46AA-A98C-5F97FE7CCBA4}"
EndProject
Global
	GlobalSection(SolutionConfigurationPlatforms) = preSolution
		Debug|Any CPU = Debug|Any CPU
		Debug|ARM = Debug|ARM
		Debug|x64 = Debug|x64
		Debug|x86 = Debug|x86
		Release|Any CPU = Release|Any CPU
		Release|ARM = Release|ARM
		Release|x64 = Release|x64
		Release|x86 = Release|x86
	EndGlobalSection
	GlobalSection(ProjectConfigurationPlatforms) = postSolution
		{B6E0FE66-0327-4919-B1C5-6B7426993E09}.Debug|Any CPU.ActiveCfg = Debug|Any CPU
		{B6E0FE66-0327-4919-B1C5-6B7426993E09}.Debug|Any CPU.Build.0 = Debug|Any CPU
		{B6E0FE66-0327-4919-B1C5-6B7426993E09}.Debug|Any CPU.Deploy.0 = Debug|Any CPU
		{B6E0FE66-0327-4919-B1C5-6B7426993E09}.Debug|ARM.ActiveCfg = Debug|Any CPU
		{B6E0FE66-0327-4919-B1C5-6B7426993E09}.Debug|ARM.Build.0 = Debug|Any CPU
		{B6E0FE66-0327-4919-B1C5-6B7426993E09}.Debug|ARM.Deploy.0 = Debug|Any CPU
		{B6E0FE66-0327-4919-B1C5-6B7426993E09}.Debug|x64.ActiveCfg = Debug|Any CPU
		{B6E0FE66-0327-4919-B1C5-6B7426993E09}.Debug|x64.Build.0 = Debug|Any CPU
		{B6E0FE66-0327-4919-B1C5-6B7426993E09}.Debug|x64.Deploy.0 = Debug|Any CPU
		{B6E0FE66-0327-4919-B1C5-6B7426993E09}.Debug|x86.ActiveCfg = Debug|Any CPU
		{B6E0FE66-0327-4919-B1C5-6B7426993E09}.Debug|x86.Build.0 = Debug|Any CPU
		{B6E0FE66-0327-4919-B1C5-6B7426993E09}.Release|Any CPU.ActiveCfg = Release|Any CPU
		{B6E0FE66-0327-4919-B1C5-6B7426993E09}.Release|Any CPU.Build.0 = Release|Any CPU
		{B6E0FE66-0327-4919-B1C5-6B7426993E09}.Release|Any CPU.Deploy.0 = Release|Any CPU
		{B6E0FE66-0327-4919-B1C5-6B7426993E09}.Release|ARM.ActiveCfg = Release|Any CPU
		{B6E0FE66-0327-4919-B1C5-6B7426993E09}.Release|ARM.Build.0 = Release|Any CPU
		{B6E0FE66-0327-4919-B1C5-6B7426993E09}.Release|ARM.Deploy.0 = Release|Any CPU
		{B6E0FE66-0327-4919-B1C5-6B7426993E09}.Release|x64.ActiveCfg = Release|Any CPU
		{B6E0FE66-0327-4919-B1C5-6B7426993E09}.Release|x64.Build.0 = Release|Any CPU
		{B6E0FE66-0327-4919-B1C5-6B7426993E09}.Release|x64.Deploy.0 = Release|Any CPU
		{B6E0FE66-0327-4919-B1C5-6B7426993E09}.Release|x86.ActiveCfg = Release|Any CPU
		{B6E0FE66-0327-4919-B1C5-6B7426993E09}.Release|x86.Build.0 = Release|Any CPU
		{B6E0FE66-0327-4919-B1C5-6B7426993E09}.Release|x86.Deploy.0 = Release|Any CPU
		{C0DFA29B-EF14-40E5-A5E3-E0F64D94314B}.Debug|Any CPU.ActiveCfg = Debug|x86
		{C0DFA29B-EF14-40E5-A5E3-E0F64D94314B}.Debug|Any CPU.Build.0 = Debug|x86
		{C0DFA29B-EF14-40E5-A5E3-E0F64D94314B}.Debug|Any CPU.Deploy.0 = Debug|x86
		{C0DFA29B-EF14-40E5-A5E3-E0F64D94314B}.Debug|ARM.ActiveCfg = Debug|ARM
		{C0DFA29B-EF14-40E5-A5E3-E0F64D94314B}.Debug|ARM.Build.0 = Debug|ARM
		{C0DFA29B-EF14-40E5-A5E3-E0F64D94314B}.Debug|ARM.Deploy.0 = Debug|ARM
		{C0DFA29B-EF14-40E5-A5E3-E0F64D94314B}.Debug|x64.ActiveCfg = Debug|x64
		{C0DFA29B-EF14-40E5-A5E3-E0F64D94314B}.Debug|x64.Build.0 = Debug|x64
		{C0DFA29B-EF14-40E5-A5E3-E0F64D94314B}.Debug|x64.Deploy.0 = Debug|x64
		{C0DFA29B-EF14-40E5-A5E3-E0F64D94314B}.Debug|x86.ActiveCfg = Debug|x86
		{C0DFA29B-EF14-40E5-A5E3-E0F64D94314B}.Debug|x86.Build.0 = Debug|x86
		{C0DFA29B-EF14-40E5-A5E3-E0F64D94314B}.Debug|x86.Deploy.0 = Debug|x86
		{C0DFA29B-EF14-40E5-A5E3-E0F64D94314B}.Release|Any CPU.ActiveCfg = Release|x86
		{C0DFA29B-EF14-40E5-A5E3-E0F64D94314B}.Release|Any CPU.Build.0 = Release|x86
		{C0DFA29B-EF14-40E5-A5E3-E0F64D94314B}.Release|Any CPU.Deploy.0 = Release|x86
		{C0DFA29B-EF14-40E5-A5E3-E0F64D94314B}.Release|ARM.ActiveCfg = Release|ARM
		{C0DFA29B-EF14-40E5-A5E3-E0F64D94314B}.Release|ARM.Build.0 = Release|ARM
		{C0DFA29B-EF14-40E5-A5E3-E0F64D94314B}.Release|ARM.Deploy.0 = Release|ARM
		{C0DFA29B-EF14-40E5-A5E3-E0F64D94314B}.Release|x64.ActiveCfg = Release|x64
		{C0DFA29B-EF14-40E5-A5E3-E0F64D94314B}.Release|x64.Build.0 = Release|x64
		{C0DFA29B-EF14-40E5-A5E3-E0F64D94314B}.Release|x64.Deploy.0 = Release|x64
		{C0DFA29B-EF14-40E5-A5E3-E0F64D94314B}.Release|x86.ActiveCfg = Release|x86
		{C0DFA29B-EF14-40E5-A5E3-E0F64D94314B}.Release|x86.Build.0 = Release|x86
		{C0DFA29B-EF14-40E5-A5E3-E0F64D94314B}.Release|x86.Deploy.0 = Release|x86
		{F84B23F3-D004-46AA-A98C-5F97FE7CCBA4}.Debug|Any CPU.ActiveCfg = Debug|Any CPU
		{F84B23F3-D004-46AA-A98C-5F97FE7CCBA4}.Debug|Any CPU.Build.0 = Debug|Any CPU
		{F84B23F3-D004-46AA-A98C-5F97FE7CCBA4}.Debug|Any CPU.Deploy.0 = Debug|Any CPU
		{F84B23F3-D004-46AA-A98C-5F97FE7CCBA4}.Debug|ARM.ActiveCfg = Debug|Any CPU
		{F84B23F3-D004-46AA-A98C-5F97FE7CCBA4}.Debug|ARM.Build.0 = Debug|Any CPU
		{F84B23F3-D004-46AA-A98C-5F97FE7CCBA4}.Debug|ARM.Deploy.0 = Debug|Any CPU
		{F84B23F3-D004-46AA-A98C-5F97FE7CCBA4}.Debug|x64.ActiveCfg = Debug|Any CPU
		{F84B23F3-D004-46AA-A98C-5F97FE7CCBA4}.Debug|x64.Build.0 = Debug|Any CPU
		{F84B23F3-D004-46AA-A98C-5F97FE7CCBA4}.Debug|x64.Deploy.0 = Debug|Any CPU
		{F84B23F3-D004-46AA-A98C-5F97FE7CCBA4}.Debug|x86.ActiveCfg = Debug|Any CPU
		{F84B23F3-D004-46AA-A98C-5F97FE7CCBA4}.Debug|x86.Build.0 = Debug|Any CPU
		{F84B23F3-D004-46AA-A98C-5F97FE7CCBA4}.Debug|x86.Deploy.0 = Debug|Any CPU
		{F84B23F3-D004-46AA-A98C-5F97FE7CCBA4}.Release|Any CPU.ActiveCfg = Release|Any CPU
		{F84B23F3-D004-46AA-A98C-5F97FE7CCBA4}.Release|Any CPU.Build.0 = Release|Any CPU
		{F84B23F3-D004-46AA-A98C-5F97FE7CCBA4}.Release|Any CPU.Deploy.0 = Release|Any CPU
		{F84B23F3-D004-46AA-A98C-5F97FE7CCBA4}.Release|ARM.ActiveCfg = Release|Any CPU
		{F84B23F3-D004-46AA-A98C-5F97FE7CCBA4}.Release|ARM.Build.0 = Release|Any CPU
		{F84B23F3-D004-46AA-A98C-5F97FE7CCBA4}.Release|ARM.Deploy.0 = Release|Any CPU
		{F84B23F3-D004-46AA-A98C-5F97FE7CCBA4}.Release|x64.ActiveCfg = Release|Any CPU
		{F84B23F3-D004-46AA-A98C-5F97FE7CCBA4}.Release|x64.Build.0 = Release|Any CPU
		{F84B23F3-D004-46AA-A98C-5F97FE7CCBA4}.Release|x64.Deploy.0 = Release|Any CPU
		{F84B23F3-D004-46AA-A98C-5F97FE7CCBA4}.Release|x86.ActiveCfg = Release|Any CPU
		{F84B23F3-D004-46AA-A98C-5F97FE7CCBA4}.Release|x86.Build.0 = Release|Any CPU
		{F84B23F3-D004-46AA-A98C-5F97FE7CCBA4}.Release|x86.Deploy.0 = Release|Any CPU
	EndGlobalSection
	GlobalSection(SolutionProperties) = preSolution
		HideSolutionNode = FALSE
	EndGlobalSection
	GlobalSection(ExtensibilityGlobals) = postSolution
		SolutionGuid = {FF62CC83-AE0E-48EB-822A-453A05BF0986}
	EndGlobalSection
EndGlobal
